
Microsoft Visual Studio Solution File, Format Version 12.00
# Visual Studio 14
VisualStudioVersion = 14.0.25420.1
MinimumVisualStudioVersion = 10.0.40219.1
Project("{FAE04EC0-301F-11D3-BF4B-00C04F79EFBC}") = "ConsoleApplication2", "ConsoleApplication2\ConsoleApplication2.csproj", "{DFD9B8AE-C6DB-437C-8B9B-F99C6EF9564B}"
EndProject
Project("{FAE04EC0-301F-11D3-BF4B-00C04F79EFBC}") = "ExceptionHandeling", "ExceptionHandeling\ExceptionHandeling.csproj", "{0FB66C2B-5B3E-432E-AA1A-73951A1BC5DE}"
EndProject
Global
	GlobalSection(SolutionConfigurationPlatforms) = preSolution
		Debug|Any CPU = Debug|Any CPU
		Release|Any CPU = Release|Any CPU
	EndGlobalSection
	GlobalSection(ProjectConfigurationPlatforms) = postSolution
		{DFD9B8AE-C6DB-437C-8B9B-F99C6EF9564B}.Debug|Any CPU.ActiveCfg = Debug|Any CPU
		{DFD9B8AE-C6DB-437C-8B9B-F99C6EF9564B}.Debug|Any CPU.Build.0 = Debug|Any CPU
		{DFD9B8AE-C6DB-437C-8B9B-F99C6EF9564B}.Release|Any CPU.ActiveCfg = Release|Any CPU
		{DFD9B8AE-C6DB-437C-8B9B-F99C6EF9564B}.Release|Any CPU.Build.0 = Release|Any CPU
		{0FB66C2B-5B3E-432E-AA1A-73951A1BC5DE}.Debug|Any CPU.ActiveCfg = Debug|Any CPU
		{0FB66C2B-5B3E-432E-AA1A-73951A1BC5DE}.Debug|Any CPU.Build.0 = Debug|Any CPU
		{0FB66C2B-5B3E-432E-AA1A-73951A1BC5DE}.Release|Any CPU.ActiveCfg = Release|Any CPU
		{0FB66C2B-5B3E-432E-AA1A-73951A1BC5DE}.Release|Any CPU.Build.0 = Release|Any CPU
	EndGlobalSection
	GlobalSection(SolutionProperties) = preSolution
		HideSolutionNode = FALSE
	EndGlobalSection
EndGlobal
